// !$*UTF8*$!
{
	archiveVersion = 1;
	classes = {
	};
	objectVersion = 46;
	objects = {

/* Begin PBXBuildFile section */
		189BBCDA1A5C1D4400FFE8BA /* main.m in Sources */ = {isa = PBXBuildFile; fileRef = 189BBCD91A5C1D4400FFE8BA /* main.m */; };
		189BBCDD1A5C1D4400FFE8BA /* AppDelegate.m in Sources */ = {isa = PBXBuildFile; fileRef = 189BBCDC1A5C1D4400FFE8BA /* AppDelegate.m */; };
		189BBCE01A5C1D4400FFE8BA /* ViewController.m in Sources */ = {isa = PBXBuildFile; fileRef = 189BBCDF1A5C1D4400FFE8BA /* ViewController.m */; };
		189BBCE31A5C1D4400FFE8BA /* Main.storyboard in Resources */ = {isa = PBXBuildFile; fileRef = 189BBCE11A5C1D4400FFE8BA /* Main.storyboard */; };
		189BBCE51A5C1D4400FFE8BA /* Images.xcassets in Resources */ = {isa = PBXBuildFile; fileRef = 189BBCE41A5C1D4400FFE8BA /* Images.xcassets */; };
		189BBCE81A5C1D4400FFE8BA /* LaunchScreen.xib in Resources */ = {isa = PBXBuildFile; fileRef = 189BBCE61A5C1D4400FFE8BA /* LaunchScreen.xib */; };
		189BBCF41A5C1D4500FFE8BA /* WYSLiderDoubleTests.m in Sources */ = {isa = PBXBuildFile; fileRef = 189BBCF31A5C1D4500FFE8BA /* WYSLiderDoubleTests.m */; };
/* End PBXBuildFile section */

/* Begin PBXContainerItemProxy section */
		189BBCEE1A5C1D4500FFE8BA /* PBXContainerItemProxy */ = {
			isa = PBXContainerItemProxy;
			containerPortal = 189BBCCC1A5C1D4400FFE8BA /* Project object */;
			proxyType = 1;
			remoteGlobalIDString = 189BBCD31A5C1D4400FFE8BA;
			remoteInfo = WYSLiderDouble;
		};
/* End PBXContainerItemProxy section */

/* Begin PBXFileReference section */
		189BBCD41A5C1D4400FFE8BA /* WYSLiderDouble.app */ = {isa = PBXFileReference; explicitFileType = wrapper.application; includeInIndex = 0; path = WYSLiderDouble.app; sourceTree = BUILT_PRODUCTS_DIR; };
		189BBCD81A5C1D4400FFE8BA /* Info.plist */ = {isa = PBXFileReference; lastKnownFileType = text.plist.xml; path = Info.plist; sourceTree = "<group>"; };
		189BBCD91A5C1D4400FFE8BA /* main.m */ = {isa = PBXFileReference; lastKnownFileType = sourcecode.c.objc; path = main.m; sourceTree = "<group>"; };
		189BBCDB1A5C1D4400FFE8BA /* AppDelegate.h */ = {isa = PBXFileReference; lastKnownFileType = sourcecode.c.h; path = AppDelegate.h; sourceTree = "<group>"; };
		189BBCDC1A5C1D4400FFE8BA /* AppDelegate.m */ = {isa = PBXFileReference; lastKnownFileType = sourcecode.c.objc; path = AppDelegate.m; sourceTree = "<group>"; };
		189BBCDE1A5C1D4400FFE8BA /* ViewController.h */ = {isa = PBXFileReference; lastKnownFileType = sourcecode.c.h; path = ViewController.h; sourceTree = "<group>"; };
		189BBCDF1A5C1D4400FFE8BA /* ViewController.m */ = {isa = PBXFileReference; lastKnownFileType = sourcecode.c.objc; path = ViewController.m; sourceTree = "<group>"; };
		189BBCE21A5C1D4400FFE8BA /* Base */ = {isa = PBXFileReference; lastKnownFileType = file.storyboard; name = Base; path = Base.lproj/Main.storyboard; sourceTree = "<group>"; };
		189BBCE41A5C1D4400FFE8BA /* Images.xcassets */ = {isa = PBXFileReference; lastKnownFileType = folder.assetcatalog; path = Images.xcassets; sourceTree = "<group>"; };
		189BBCE71A5C1D4400FFE8BA /* Base */ = {isa = PBXFileReference; lastKnownFileType = file.xib; name = Base; path = Base.lproj/LaunchScreen.xib; sourceTree = "<group>"; };
		189BBCED1A5C1D4500FFE8BA /* WYSLiderDoubleTests.xctest */ = {isa = PBXFileReference; explicitFileType = wrapper.cfbundle; includeInIndex = 0; path = WYSLiderDoubleTests.xctest; sourceTree = BUILT_PRODUCTS_DIR; };
		189BBCF21A5C1D4500FFE8BA /* Info.plist */ = {isa = PBXFileReference; lastKnownFileType = text.plist.xml; path = Info.plist; sourceTree = "<group>"; };
		189BBCF31A5C1D4500FFE8BA /* WYSLiderDoubleTests.m */ = {isa = PBXFileReference; lastKnownFileType = sourcecode.c.objc; path = WYSLiderDoubleTests.m; sourceTree = "<group>"; };
/* End PBXFileReference section */

/* Begin PBXFrameworksBuildPhase section */
		189BBCD11A5C1D4400FFE8BA /* Frameworks */ = {
			isa = PBXFrameworksBuildPhase;
			buildActionMask = 2147483647;
			files = (
			);
			runOnlyForDeploymentPostprocessing = 0;
		};
		189BBCEA1A5C1D4400FFE8BA /* Frameworks */ = {
			isa = PBXFrameworksBuildPhase;
			buildActionMask = 2147483647;
			files = (
			);
			runOnlyForDeploymentPostprocessing = 0;
		};
/* End PBXFrameworksBuildPhase section */

/* Begin PBXGroup section */
		189BBCCB1A5C1D4400FFE8BA = {
			isa = PBXGroup;
			children = (
				189BBCD61A5C1D4400FFE8BA /* WYSLiderDouble */,
				189BBCF01A5C1D4500FFE8BA /* WYSLiderDoubleTests */,
				189BBCD51A5C1D4400FFE8BA /* Products */,
			);
			sourceTree = "<group>";
		};
		189BBCD51A5C1D4400FFE8BA /* Products */ = {
			isa = PBXGroup;
			children = (
				189BBCD41A5C1D4400FFE8BA /* WYSLiderDouble.app */,
				189BBCED1A5C1D4500FFE8BA /* WYSLiderDoubleTests.xctest */,
			);
			name = Products;
			sourceTree = "<group>";
		};
		189BBCD61A5C1D4400FFE8BA /* WYSLiderDouble */ = {
			isa = PBXGroup;
			children = (
				189BBCDB1A5C1D4400FFE8BA /* AppDelegate.h */,
				189BBCDC1A5C1D4400FFE8BA /* AppDelegate.m */,
				189BBCDE1A5C1D4400FFE8BA /* ViewController.h */,
				189BBCDF1A5C1D4400FFE8BA /* ViewController.m */,
				189BBCE11A5C1D4400FFE8BA /* Main.storyboard */,
				189BBCE41A5C1D4400FFE8BA /* Images.xcassets */,
				189BBCE61A5C1D4400FFE8BA /* LaunchScreen.xib */,
				189BBCD71A5C1D4400FFE8BA /* Supporting Files */,
			);
			path = WYSLiderDouble;
			sourceTree = "<group>";
		};
		189BBCD71A5C1D4400FFE8BA /* Supporting Files */ = {
			isa = PBXGroup;
			children = (
				189BBCD81A5C1D4400FFE8BA /* Info.plist */,
				189BBCD91A5C1D4400FFE8BA /* main.m */,
			);
			name = "Supporting Files";
			sourceTree = "<group>";
		};
		189BBCF01A5C1D4500FFE8BA /* WYSLiderDoubleTests */ = {
			isa = PBXGroup;
			children = (
				189BBCF31A5C1D4500FFE8BA /* WYSLiderDoubleTests.m */,
				189BBCF11A5C1D4500FFE8BA /* Supporting Files */,
			);
			path = WYSLiderDoubleTests;
			sourceTree = "<group>";
		};
		189BBCF11A5C1D4500FFE8BA /* Supporting Files */ = {
			isa = PBXGroup;
			children = (
				189BBCF21A5C1D4500FFE8BA /* Info.plist */,
			);
			name = "Supporting Files";
			sourceTree = "<group>";
		};
/* End PBXGroup section */

/* Begin PBXNativeTarget section */
		189BBCD31A5C1D4400FFE8BA /* WYSLiderDouble */ = {
			isa = PBXNativeTarget;
			buildConfigurationList = 189BBCF71A5C1D4500FFE8BA /* Build configuration list for PBXNativeTarget "WYSLiderDouble" */;
			buildPhases = (
				189BBCD01A5C1D4400FFE8BA /* Sources */,
				189BBCD11A5C1D4400FFE8BA /* Frameworks */,
				189BBCD21A5C1D4400FFE8BA /* Resources */,
			);
			buildRules = (
			);
			dependencies = (
			);
			name = WYSLiderDouble;
			productName = WYSLiderDouble;
			productReference = 189BBCD41A5C1D4400FFE8BA /* WYSLiderDouble.app */;
			productType = "com.apple.product-type.application";
		};
		189BBCEC1A5C1D4400FFE8BA /* WYSLiderDoubleTests */ = {
			isa = PBXNativeTarget;
			buildConfigurationList = 189BBCFA1A5C1D4500FFE8BA /* Build configuration list for PBXNativeTarget "WYSLiderDoubleTests" */;
			buildPhases = (
				189BBCE91A5C1D4400FFE8BA /* Sources */,
				189BBCEA1A5C1D4400FFE8BA /* Frameworks */,
				189BBCEB1A5C1D4400FFE8BA /* Resources */,
			);
			buildRules = (
			);
			dependencies = (
				189BBCEF1A5C1D4500FFE8BA /* PBXTargetDependency */,
			);
			name = WYSLiderDoubleTests;
			productName = WYSLiderDoubleTests;
			productReference = 189BBCED1A5C1D4500FFE8BA /* WYSLiderDoubleTests.xctest */;
			productType = "com.apple.product-type.bundle.unit-test";
		};
/* End PBXNativeTarget section */

/* Begin PBXProject section */
		189BBCCC1A5C1D4400FFE8BA /* Project object */ = {
			isa = PBXProject;
			attributes = {
				LastUpgradeCheck = 0610;
				ORGANIZATIONNAME = WangYun;
				TargetAttributes = {
					189BBCD31A5C1D4400FFE8BA = {
						CreatedOnToolsVersion = 6.1;
					};
					189BBCEC1A5C1D4400FFE8BA = {
						CreatedOnToolsVersion = 6.1;
						TestTargetID = 189BBCD31A5C1D4400FFE8BA;
					};
				};
			};
			buildConfigurationList = 189BBCCF1A5C1D4400FFE8BA /* Build configuration list for PBXProject "WYSLiderDouble" */;
			compatibilityVersion = "Xcode 3.2";
			developmentRegion = English;
			hasScannedForEncodings = 0;
			knownRegions = (
				en,
				Base,
			);
			mainGroup = 189BBCCB1A5C1D4400FFE8BA;
			productRefGroup = 189BBCD51A5C1D4400FFE8BA /* Products */;
			projectDirPath = "";
			projectRoot = "";
			targets = (
				189BBCD31A5C1D4400FFE8BA /* WYSLiderDouble */,
				189BBCEC1A5C1D4400FFE8BA /* WYSLiderDoubleTests */,
			);
		};
/* End PBXProject section */

/* Begin PBXResourcesBuildPhase section */
		189BBCD21A5C1D4400FFE8BA /* Resources */ = {
			isa = PBXResourcesBuildPhase;
			buildActionMask = 2147483647;
			files = (
				189BBCE31A5C1D4400FFE8BA /* Main.storyboard in Resources */,
				189BBCE81A5C1D4400FFE8BA /* LaunchScreen.xib in Resources */,
				189BBCE51A5C1D4400FFE8BA /* Images.xcassets in Resources */,
			);
			runOnlyForDeploymentPostprocessing = 0;
		};
		189BBCEB1A5C1D4400FFE8BA /* Resources */ = {
			isa = PBXResourcesBuildPhase;
			buildActionMask = 2147483647;
			files = (
			);
			runOnlyForDeploymentPostprocessing = 0;
		};
/* End PBXResourcesBuildPhase section */

/* Begin PBXSourcesBuildPhase section */
		189BBCD01A5C1D4400FFE8BA /* Sources */ = {
			isa = PBXSourcesBuildPhase;
			buildActionMask = 2147483647;
			files = (
				189BBCE01A5C1D4400FFE8BA /* ViewController.m in Sources */,
				189BBCDD1A5C1D4400FFE8BA /* AppDelegate.m in Sources */,
				189BBCDA1A5C1D4400FFE8BA /* main.m in Sources */,
			);
			runOnlyForDeploymentPostprocessing = 0;
		};
		189BBCE91A5C1D4400FFE8BA /* Sources */ = {
			isa = PBXSourcesBuildPhase;
			buildActionMask = 2147483647;
			files = (
				189BBCF41A5C1D4500FFE8BA /* WYSLiderDoubleTests.m in Sources */,
			);
			runOnlyForDeploymentPostprocessing = 0;
		};
/* End PBXSourcesBuildPhase section */

/* Begin PBXTargetDependency section */
		189BBCEF1A5C1D4500FFE8BA /* PBXTargetDependency */ = {
			isa = PBXTargetDependency;
			target = 189BBCD31A5C1D4400FFE8BA /* WYSLiderDouble */;
			targetProxy = 189BBCEE1A5C1D4500FFE8BA /* PBXContainerItemProxy */;
		};
/* End PBXTargetDependency section */

/* Begin PBXVariantGroup section */
		189BBCE11A5C1D4400FFE8BA /* Main.storyboard */ = {
			isa = PBXVariantGroup;
			children = (
				189BBCE21A5C1D4400FFE8BA /* Base */,
			);
			name = Main.storyboard;
			sourceTree = "<group>";
		};
		189BBCE61A5C1D4400FFE8BA /* LaunchScreen.xib */ = {
			isa = PBXVariantGroup;
			children = (
				189BBCE71A5C1D4400FFE8BA /* Base */,
			);
			name = LaunchScreen.xib;
			sourceTree = "<group>";
		};
/* End PBXVariantGroup section */

/* Begin XCBuildConfiguration section */
		189BBCF51A5C1D4500FFE8BA /* Debug */ = {
			isa = XCBuildConfiguration;
			buildSettings = {
				ALWAYS_SEARCH_USER_PATHS = NO;
				CLANG_CXX_LANGUAGE_STANDARD = "gnu++0x";
				CLANG_CXX_LIBRARY = "libc++";
				CLANG_ENABLE_MODULES = YES;
				CLANG_ENABLE_OBJC_ARC = YES;
				CLANG_WARN_BOOL_CONVERSION = YES;
				CLANG_WARN_CONSTANT_CONVERSION = YES;
				CLANG_WARN_DIRECT_OBJC_ISA_USAGE = YES_ERROR;
				CLANG_WARN_EMPTY_BODY = YES;
				CLANG_WARN_ENUM_CONVERSION = YES;
				CLANG_WARN_INT_CONVERSION = YES;
				CLANG_WARN_OBJC_ROOT_CLASS = YES_ERROR;
				CLANG_WARN_UNREACHABLE_CODE = YES;
				CLANG_WARN__DUPLICATE_METHOD_MATCH = YES;
				"CODE_SIGN_IDENTITY[sdk=iphoneos*]" = "iPhone Developer";
				COPY_PHASE_STRIP = NO;
				ENABLE_STRICT_OBJC_MSGSEND = YES;
				GCC_C_LANGUAGE_STANDARD = gnu99;
				GCC_DYNAMIC_NO_PIC = NO;
				GCC_OPTIMIZATION_LEVEL = 0;
				GCC_PREPROCESSOR_DEFINITIONS = (
					"DEBUG=1",
					"$(inherited)",
				);
				GCC_SYMBOLS_PRIVATE_EXTERN = NO;
				GCC_WARN_64_TO_32_BIT_CONVERSION = YES;
				GCC_WARN_ABOUT_RETURN_TYPE = YES_ERROR;
				GCC_WARN_UNDECLARED_SELECTOR = YES;
				GCC_WARN_UNINITIALIZED_AUTOS = YES_AGGRESSIVE;
				GCC_WARN_UNUSED_FUNCTION = YES;
				GCC_WARN_UNUSED_VARIABLE = YES;
				IPHONEOS_DEPLOYMENT_TARGET = 8.1;
				MTL_ENABLE_DEBUG_INFO = YES;
				ONLY_ACTIVE_ARCH = YES;
				SDKROOT = iphoneos;
			};
			name = Debug;
		};
		189BBCF61A5C1D4500FFE8BA /* Release */ = {
			isa = XCBuildConfiguration;
			buildSettings = {
				ALWAYS_SEARCH_USER_PATHS = NO;
				CLANG_CXX_LANGUAGE_STANDARD = "gnu++0x";
				CLANG_CXX_LIBRARY = "libc++";
				CLANG_ENABLE_MODULES = YES;
				CLANG_ENABLE_OBJC_ARC = YES;
				CLANG_WARN_BOOL_CONVERSION = YES;
				CLANG_WARN_CONSTANT_CONVERSION = YES;
				CLANG_WARN_DIRECT_OBJC_ISA_USAGE = YES_ERROR;
				CLANG_WARN_EMPTY_BODY = YES;
				CLANG_WARN_ENUM_CONVERSION = YES;
				CLANG_WARN_INT_CONVERSION = YES;
				CLANG_WARN_OBJC_ROOT_CLASS = YES_ERROR;
				CLANG_WARN_UNREACHABLE_CODE = YES;
				CLANG_WARN__DUPLICATE_METHOD_MATCH = YES;
				"CODE_SIGN_IDENTITY[sdk=iphoneos*]" = "iPhone Developer";
				COPY_PHASE_STRIP = YES;
				ENABLE_NS_ASSERTIONS = NO;
				ENABLE_STRICT_OBJC_MSGSEND = YES;
				GCC_C_LANGUAGE_STANDARD = gnu99;
				GCC_WARN_64_TO_32_BIT_CONVERSION = YES;
				GCC_WARN_ABOUT_RETURN_TYPE = YES_ERROR;
				GCC_WARN_UNDECLARED_SELECTOR = YES;
				GCC_WARN_UNINITIALIZED_AUTOS = YES_AGGRESSIVE;
				GCC_WARN_UNUSED_FUNCTION = YES;
				GCC_WARN_UNUSED_VARIABLE = YES;
				IPHONEOS_DEPLOYMENT_TARGET = 8.1;
				MTL_ENABLE_DEBUG_INFO = NO;
				SDKROOT = iphoneos;
				VALIDATE_PRODUCT = YES;
			};
			name = Release;
		};
		189BBCF81A5C1D4500FFE8BA /* Debug */ = {
			isa = XCBuildConfiguration;
			buildSettings = {
				ASSETCATALOG_COMPILER_APPICON_NAME = AppIcon;
				INFOPLIST_FILE = WYSLiderDouble/Info.plist;
				LD_RUNPATH_SEARCH_PATHS = "$(inherited) @executable_path/Frameworks";
				PRODUCT_NAME = "$(TARGET_NAME)";
			};
			name = Debug;
		};
		189BBCF91A5C1D4500FFE8BA /* Release */ = {
			isa = XCBuildConfiguration;
			buildSettings = {
				ASSETCATALOG_COMPILER_APPICON_NAME = AppIcon;
				INFOPLIST_FILE = WYSLiderDouble/Info.plist;
				LD_RUNPATH_SEARCH_PATHS = "$(inherited) @executable_path/Frameworks";
				PRODUCT_NAME = "$(TARGET_NAME)";
			};
			name = Release;
		};
		189BBCFB1A5C1D4500FFE8BA /* Debug */ = {
			isa = XCBuildConfiguration;
			buildSettings = {
				BUNDLE_LOADER = "$(TEST_HOST)";
				FRAMEWORK_SEARCH_PATHS = (
					"$(SDKROOT)/Developer/Library/Frameworks",
					"$(inherited)",
				);
				GCC_PREPROCESSOR_DEFINITIONS = (
					"DEBUG=1",
					"$(inherited)",
				);
				INFOPLIST_FILE = WYSLiderDoubleTests/Info.plist;
				LD_RUNPATH_SEARCH_PATHS = "$(inherited) @executable_path/Frameworks @loader_path/Frameworks";
				PRODUCT_NAME = "$(TARGET_NAME)";
				TEST_HOST = "$(BUILT_PRODUCTS_DIR)/WYSLiderDouble.app/WYSLiderDouble";
			};
			name = Debug;
		};
		189BBCFC1A5C1D4500FFE8BA /* Release */ = {
			isa = XCBuildConfiguration;
			buildSettings = {
				BUNDLE_LOADER = "$(TEST_HOST)";
				FRAMEWORK_SEARCH_PATHS = (
					"$(SDKROOT)/Developer/Library/Frameworks",
					"$(inherited)",
				);
				INFOPLIST_FILE = WYSLiderDoubleTests/Info.plist;
				LD_RUNPATH_SEARCH_PATHS = "$(inherited) @executable_path/Frameworks @loader_path/Frameworks";
				PRODUCT_NAME = "$(TARGET_NAME)";
				TEST_HOST = "$(BUILT_PRODUCTS_DIR)/WYSLiderDouble.app/WYSLiderDouble";
			};
			name = Release;
		};
/* End XCBuildConfiguration section */

/* Begin XCConfigurationList section */
		189BBCCF1A5C1D4400FFE8BA /* Build configuration list for PBXProject "WYSLiderDouble" */ = {
			isa = XCConfigurationList;
			buildConfigurations = (
				189BBCF51A5C1D4500FFE8BA /* Debug */,
				189BBCF61A5C1D4500FFE8BA /* Release */,
			);
			defaultConfigurationIsVisible = 0;
			defaultConfigurationName = Release;
		};
		189BBCF71A5C1D4500FFE8BA /* Build configuration list for PBXNativeTarget "WYSLiderDouble" */ = {
			isa = XCConfigurationList;
			buildConfigurations = (
				189BBCF81A5C1D4500FFE8BA /* Debug */,
				189BBCF91A5C1D4500FFE8BA /* Release */,
			);
			defaultConfigurationIsVisible = 0;
		};
		189BBCFA1A5C1D4500FFE8BA /* Build configuration list for PBXNativeTarget "WYSLiderDoubleTests" */ = {
			isa = XCConfigurationList;
			buildConfigurations = (
				189BBCFB1A5C1D4500FFE8BA /* Debug */,
				189BBCFC1A5C1D4500FFE8BA /* Release */,
			);
			defaultConfigurationIsVisible = 0;
		};
/* End XCConfigurationList section */
	};
	rootObject = 189BBCCC1A5C1D4400FFE8BA /* Project object */;
}
